
Microsoft Visual Studio Solution File, Format Version 12.00
# Visual Studio Version 16
VisualStudioVersion = 16.0.31702.278
MinimumVisualStudioVersion = 10.0.40219.1
Project("{FAE04EC0-301F-11D3-BF4B-00C04F79EFBC}") = "LoginWebAPI.UWP", "LoginWebAPI\LoginWebAPI.UWP\LoginWebAPI.UWP.csproj", "{43C1AC62-2B85-42E8-8057-CCB21A4C411E}"
EndProject
Project("{FAE04EC0-301F-11D3-BF4B-00C04F79EFBC}") = "LoginWebAPI.Android", "LoginWebAPI\LoginWebAPI.Android\LoginWebAPI.Android.csproj", "{2C0F4709-70BE-4827-8494-B2769891FD92}"
EndProject
Project("{FAE04EC0-301F-11D3-BF4B-00C04F79EFBC}") = "LoginWebAPI.iOS", "LoginWebAPI\LoginWebAPI.iOS\LoginWebAPI.iOS.csproj", "{3B135F18-2D88-4FBE-B02F-DEA9E828B7A3}"
EndProject
Project("{9A19103F-16F7-4668-BE54-9A1E7A4F7556}") = "LoginWebAPI", "LoginWebAPI\LoginWebAPI\LoginWebAPI.csproj", "{3666E26E-6EB3-4A86-A5FD-7113E2BB578A}"
EndProject
Project("{FAE04EC0-301F-11D3-BF4B-00C04F79EFBC}") = "CheapIdeas", "CheapIdeas\CheapIdeas.csproj", "{B9FEB91D-77B7-44E3-8DB3-89E4B7B53343}"
EndProject
Global
	GlobalSection(SolutionConfigurationPlatforms) = preSolution
		Debug|Any CPU = Debug|Any CPU
		Debug|ARM = Debug|ARM
		Debug|iPhone = Debug|iPhone
		Debug|iPhoneSimulator = Debug|iPhoneSimulator
		Debug|x64 = Debug|x64
		Debug|x86 = Debug|x86
		Release|Any CPU = Release|Any CPU
		Release|ARM = Release|ARM
		Release|iPhone = Release|iPhone
		Release|iPhoneSimulator = Release|iPhoneSimulator
		Release|x64 = Release|x64
		Release|x86 = Release|x86
	EndGlobalSection
	GlobalSection(ProjectConfigurationPlatforms) = postSolution
		{43C1AC62-2B85-42E8-8057-CCB21A4C411E}.Debug|Any CPU.ActiveCfg = Debug|x86
		{43C1AC62-2B85-42E8-8057-CCB21A4C411E}.Debug|Any CPU.Build.0 = Debug|x86
		{43C1AC62-2B85-42E8-8057-CCB21A4C411E}.Debug|Any CPU.Deploy.0 = Debug|x86
		{43C1AC62-2B85-42E8-8057-CCB21A4C411E}.Debug|ARM.ActiveCfg = Debug|ARM
		{43C1AC62-2B85-42E8-8057-CCB21A4C411E}.Debug|ARM.Build.0 = Debug|ARM
		{43C1AC62-2B85-42E8-8057-CCB21A4C411E}.Debug|ARM.Deploy.0 = Debug|ARM
		{43C1AC62-2B85-42E8-8057-CCB21A4C411E}.Debug|iPhone.ActiveCfg = Debug|x86
		{43C1AC62-2B85-42E8-8057-CCB21A4C411E}.Debug|iPhone.Build.0 = Debug|x86
		{43C1AC62-2B85-42E8-8057-CCB21A4C411E}.Debug|iPhone.Deploy.0 = Debug|x86
		{43C1AC62-2B85-42E8-8057-CCB21A4C411E}.Debug|iPhoneSimulator.ActiveCfg = Debug|x86
		{43C1AC62-2B85-42E8-8057-CCB21A4C411E}.Debug|iPhoneSimulator.Build.0 = Debug|x86
		{43C1AC62-2B85-42E8-8057-CCB21A4C411E}.Debug|iPhoneSimulator.Deploy.0 = Debug|x86
		{43C1AC62-2B85-42E8-8057-CCB21A4C411E}.Debug|x64.ActiveCfg = Debug|x64
		{43C1AC62-2B85-42E8-8057-CCB21A4C411E}.Debug|x64.Build.0 = Debug|x64
		{43C1AC62-2B85-42E8-8057-CCB21A4C411E}.Debug|x64.Deploy.0 = Debug|x64
		{43C1AC62-2B85-42E8-8057-CCB21A4C411E}.Debug|x86.ActiveCfg = Debug|x86
		{43C1AC62-2B85-42E8-8057-CCB21A4C411E}.Debug|x86.Build.0 = Debug|x86
		{43C1AC62-2B85-42E8-8057-CCB21A4C411E}.Debug|x86.Deploy.0 = Debug|x86
		{43C1AC62-2B85-42E8-8057-CCB21A4C411E}.Release|Any CPU.ActiveCfg = Release|x86
		{43C1AC62-2B85-42E8-8057-CCB21A4C411E}.Release|Any CPU.Build.0 = Release|x86
		{43C1AC62-2B85-42E8-8057-CCB21A4C411E}.Release|Any CPU.Deploy.0 = Release|x86
		{43C1AC62-2B85-42E8-8057-CCB21A4C411E}.Release|ARM.ActiveCfg = Release|ARM
		{43C1AC62-2B85-42E8-8057-CCB21A4C411E}.Release|ARM.Build.0 = Release|ARM
		{43C1AC62-2B85-42E8-8057-CCB21A4C411E}.Release|ARM.Deploy.0 = Release|ARM
		{43C1AC62-2B85-42E8-8057-CCB21A4C411E}.Release|iPhone.ActiveCfg = Release|x86
		{43C1AC62-2B85-42E8-8057-CCB21A4C411E}.Release|iPhone.Build.0 = Release|x86
		{43C1AC62-2B85-42E8-8057-CCB21A4C411E}.Release|iPhone.Deploy.0 = Release|x86
		{43C1AC62-2B85-42E8-8057-CCB21A4C411E}.Release|iPhoneSimulator.ActiveCfg = Release|x86
		{43C1AC62-2B85-42E8-8057-CCB21A4C411E}.Release|iPhoneSimulator.Build.0 = Release|x86
		{43C1AC62-2B85-42E8-8057-CCB21A4C411E}.Release|iPhoneSimulator.Deploy.0 = Release|x86
		{43C1AC62-2B85-42E8-8057-CCB21A4C411E}.Release|x64.ActiveCfg = Release|x64
		{43C1AC62-2B85-42E8-8057-CCB21A4C411E}.Release|x64.Build.0 = Release|x64
		{43C1AC62-2B85-42E8-8057-CCB21A4C411E}.Release|x64.Deploy.0 = Release|x64
		{43C1AC62-2B85-42E8-8057-CCB21A4C411E}.Release|x86.ActiveCfg = Release|x86
		{43C1AC62-2B85-42E8-8057-CCB21A4C411E}.Release|x86.Build.0 = Release|x86
		{43C1AC62-2B85-42E8-8057-CCB21A4C411E}.Release|x86.Deploy.0 = Release|x86
		{2C0F4709-70BE-4827-8494-B2769891FD92}.Debug|Any CPU.ActiveCfg = Debug|Any CPU
		{2C0F4709-70BE-4827-8494-B2769891FD92}.Debug|Any CPU.Build.0 = Debug|Any CPU
		{2C0F4709-70BE-4827-8494-B2769891FD92}.Debug|Any CPU.Deploy.0 = Debug|Any CPU
		{2C0F4709-70BE-4827-8494-B2769891FD92}.Debug|ARM.ActiveCfg = Debug|Any CPU
		{2C0F4709-70BE-4827-8494-B2769891FD92}.Debug|ARM.Build.0 = Debug|Any CPU
		{2C0F4709-70BE-4827-8494-B2769891FD92}.Debug|ARM.Deploy.0 = Debug|Any CPU
		{2C0F4709-70BE-4827-8494-B2769891FD92}.Debug|iPhone.ActiveCfg = Debug|Any CPU
		{2C0F4709-70BE-4827-8494-B2769891FD92}.Debug|iPhone.Build.0 = Debug|Any CPU
		{2C0F4709-70BE-4827-8494-B2769891FD92}.Debug|iPhone.Deploy.0 = Debug|Any CPU
		{2C0F4709-70BE-4827-8494-B2769891FD92}.Debug|iPhoneSimulator.ActiveCfg = Debug|Any CPU
		{2C0F4709-70BE-4827-8494-B2769891FD92}.Debug|iPhoneSimulator.Build.0 = Debug|Any CPU
		{2C0F4709-70BE-4827-8494-B2769891FD92}.Debug|iPhoneSimulator.Deploy.0 = Debug|Any CPU
		{2C0F4709-70BE-4827-8494-B2769891FD92}.Debug|x64.ActiveCfg = Debug|Any CPU
		{2C0F4709-70BE-4827-8494-B2769891FD92}.Debug|x64.Build.0 = Debug|Any CPU
		{2C0F4709-70BE-4827-8494-B2769891FD92}.Debug|x64.Deploy.0 = Debug|Any CPU
		{2C0F4709-70BE-4827-8494-B2769891FD92}.Debug|x86.ActiveCfg = Debug|Any CPU
		{2C0F4709-70BE-4827-8494-B2769891FD92}.Debug|x86.Build.0 = Debug|Any CPU
		{2C0F4709-70BE-4827-8494-B2769891FD92}.Debug|x86.Deploy.0 = Debug|Any CPU
		{2C0F4709-70BE-4827-8494-B2769891FD92}.Release|Any CPU.ActiveCfg = Release|Any CPU
		{2C0F4709-70BE-4827-8494-B2769891FD92}.Release|Any CPU.Build.0 = Release|Any CPU
		{2C0F4709-70BE-4827-8494-B2769891FD92}.Release|Any CPU.Deploy.0 = Release|Any CPU
		{2C0F4709-70BE-4827-8494-B2769891FD92}.Release|ARM.ActiveCfg = Release|Any CPU
		{2C0F4709-70BE-4827-8494-B2769891FD92}.Release|ARM.Build.0 = Release|Any CPU
		{2C0F4709-70BE-4827-8494-B2769891FD92}.Release|ARM.Deploy.0 = Release|Any CPU
		{2C0F4709-70BE-4827-8494-B2769891FD92}.Release|iPhone.ActiveCfg = Release|Any CPU
		{2C0F4709-70BE-4827-8494-B2769891FD92}.Release|iPhone.Build.0 = Release|Any CPU
		{2C0F4709-70BE-4827-8494-B2769891FD92}.Release|iPhone.Deploy.0 = Release|Any CPU
		{2C0F4709-70BE-4827-8494-B2769891FD92}.Release|iPhoneSimulator.ActiveCfg = Release|Any CPU
		{2C0F4709-70BE-4827-8494-B2769891FD92}.Release|iPhoneSimulator.Build.0 = Release|Any CPU
		{2C0F4709-70BE-4827-8494-B2769891FD92}.Release|iPhoneSimulator.Deploy.0 = Release|Any CPU
		{2C0F4709-70BE-4827-8494-B2769891FD92}.Release|x64.ActiveCfg = Release|Any CPU
		{2C0F4709-70BE-4827-8494-B2769891FD92}.Release|x64.Build.0 = Release|Any CPU
		{2C0F4709-70BE-4827-8494-B2769891FD92}.Release|x64.Deploy.0 = Release|Any CPU
		{2C0F4709-70BE-4827-8494-B2769891FD92}.Release|x86.ActiveCfg = Release|Any CPU
		{2C0F4709-70BE-4827-8494-B2769891FD92}.Release|x86.Build.0 = Release|Any CPU
		{2C0F4709-70BE-4827-8494-B2769891FD92}.Release|x86.Deploy.0 = Release|Any CPU
		{3B135F18-2D88-4FBE-B02F-DEA9E828B7A3}.Debug|Any CPU.ActiveCfg = Debug|iPhoneSimulator
		{3B135F18-2D88-4FBE-B02F-DEA9E828B7A3}.Debug|Any CPU.Build.0 = Debug|iPhoneSimulator
		{3B135F18-2D88-4FBE-B02F-DEA9E828B7A3}.Debug|Any CPU.Deploy.0 = Debug|iPhoneSimulator
		{3B135F18-2D88-4FBE-B02F-DEA9E828B7A3}.Debug|ARM.ActiveCfg = Debug|iPhone
		{3B135F18-2D88-4FBE-B02F-DEA9E828B7A3}.Debug|ARM.Build.0 = Debug|iPhone
		{3B135F18-2D88-4FBE-B02F-DEA9E828B7A3}.Debug|ARM.Deploy.0 = Debug|iPhone
		{3B135F18-2D88-4FBE-B02F-DEA9E828B7A3}.Debug|iPhone.ActiveCfg = Debug|iPhone
		{3B135F18-2D88-4FBE-B02F-DEA9E828B7A3}.Debug|iPhone.Build.0 = Debug|iPhone
		{3B135F18-2D88-4FBE-B02F-DEA9E828B7A3}.Debug|iPhone.Deploy.0 = Debug|iPhone
		{3B135F18-2D88-4FBE-B02F-DEA9E828B7A3}.Debug|iPhoneSimulator.ActiveCfg = Debug|iPhoneSimulator
		{3B135F18-2D88-4FBE-B02F-DEA9E828B7A3}.Debug|iPhoneSimulator.Build.0 = Debug|iPhoneSimulator
		{3B135F18-2D88-4FBE-B02F-DEA9E828B7A3}.Debug|iPhoneSimulator.Deploy.0 = Debug|iPhoneSimulator
		{3B135F18-2D88-4FBE-B02F-DEA9E828B7A3}.Debug|x64.ActiveCfg = Debug|iPhoneSimulator
		{3B135F18-2D88-4FBE-B02F-DEA9E828B7A3}.Debug|x64.Build.0 = Debug|iPhoneSimulator
		{3B135F18-2D88-4FBE-B02F-DEA9E828B7A3}.Debug|x64.Deploy.0 = Debug|iPhoneSimulator
		{3B135F18-2D88-4FBE-B02F-DEA9E828B7A3}.Debug|x86.ActiveCfg = Debug|iPhoneSimulator
		{3B135F18-2D88-4FBE-B02F-DEA9E828B7A3}.Debug|x86.Build.0 = Debug|iPhoneSimulator
		{3B135F18-2D88-4FBE-B02F-DEA9E828B7A3}.Debug|x86.Deploy.0 = Debug|iPhoneSimulator
		{3B135F18-2D88-4FBE-B02F-DEA9E828B7A3}.Release|Any CPU.ActiveCfg = Release|iPhoneSimulator
		{3B135F18-2D88-4FBE-B02F-DEA9E828B7A3}.Release|Any CPU.Build.0 = Release|iPhoneSimulator
		{3B135F18-2D88-4FBE-B02F-DEA9E828B7A3}.Release|Any CPU.Deploy.0 = Release|iPhoneSimulator
		{3B135F18-2D88-4FBE-B02F-DEA9E828B7A3}.Release|ARM.ActiveCfg = Release|iPhoneSimulator
		{3B135F18-2D88-4FBE-B02F-DEA9E828B7A3}.Release|ARM.Build.0 = Release|iPhoneSimulator
		{3B135F18-2D88-4FBE-B02F-DEA9E828B7A3}.Release|ARM.Deploy.0 = Release|iPhoneSimulator
		{3B135F18-2D88-4FBE-B02F-DEA9E828B7A3}.Release|iPhone.ActiveCfg = Release|iPhone
		{3B135F18-2D88-4FBE-B02F-DEA9E828B7A3}.Release|iPhone.Build.0 = Release|iPhone
		{3B135F18-2D88-4FBE-B02F-DEA9E828B7A3}.Release|iPhone.Deploy.0 = Release|iPhone
		{3B135F18-2D88-4FBE-B02F-DEA9E828B7A3}.Release|iPhoneSimulator.ActiveCfg = Release|iPhoneSimulator
		{3B135F18-2D88-4FBE-B02F-DEA9E828B7A3}.Release|iPhoneSimulator.Build.0 = Release|iPhoneSimulator
		{3B135F18-2D88-4FBE-B02F-DEA9E828B7A3}.Release|iPhoneSimulator.Deploy.0 = Release|iPhoneSimulator
		{3B135F18-2D88-4FBE-B02F-DEA9E828B7A3}.Release|x64.ActiveCfg = Release|iPhoneSimulator
		{3B135F18-2D88-4FBE-B02F-DEA9E828B7A3}.Release|x64.Build.0 = Release|iPhoneSimulator
		{3B135F18-2D88-4FBE-B02F-DEA9E828B7A3}.Release|x64.Deploy.0 = Release|iPhoneSimulator
		{3B135F18-2D88-4FBE-B02F-DEA9E828B7A3}.Release|x86.ActiveCfg = Release|iPhoneSimulator
		{3B135F18-2D88-4FBE-B02F-DEA9E828B7A3}.Release|x86.Build.0 = Release|iPhoneSimulator
		{3B135F18-2D88-4FBE-B02F-DEA9E828B7A3}.Release|x86.Deploy.0 = Release|iPhoneSimulator
		{3666E26E-6EB3-4A86-A5FD-7113E2BB578A}.Debug|Any CPU.ActiveCfg = Debug|Any CPU
		{3666E26E-6EB3-4A86-A5FD-7113E2BB578A}.Debug|Any CPU.Build.0 = Debug|Any CPU
		{3666E26E-6EB3-4A86-A5FD-7113E2BB578A}.Debug|Any CPU.Deploy.0 = Debug|Any CPU
		{3666E26E-6EB3-4A86-A5FD-7113E2BB578A}.Debug|ARM.ActiveCfg = Debug|Any CPU
		{3666E26E-6EB3-4A86-A5FD-7113E2BB578A}.Debug|ARM.Build.0 = Debug|Any CPU
		{3666E26E-6EB3-4A86-A5FD-7113E2BB578A}.Debug|ARM.Deploy.0 = Debug|Any CPU
		{3666E26E-6EB3-4A86-A5FD-7113E2BB578A}.Debug|iPhone.ActiveCfg = Debug|Any CPU
		{3666E26E-6EB3-4A86-A5FD-7113E2BB578A}.Debug|iPhone.Build.0 = Debug|Any CPU
		{3666E26E-6EB3-4A86-A5FD-7113E2BB578A}.Debug|iPhone.Deploy.0 = Debug|Any CPU
		{3666E26E-6EB3-4A86-A5FD-7113E2BB578A}.Debug|iPhoneSimulator.ActiveCfg = Debug|Any CPU
		{3666E26E-6EB3-4A86-A5FD-7113E2BB578A}.Debug|iPhoneSimulator.Build.0 = Debug|Any CPU
		{3666E26E-6EB3-4A86-A5FD-7113E2BB578A}.Debug|iPhoneSimulator.Deploy.0 = Debug|Any CPU
		{3666E26E-6EB3-4A86-A5FD-7113E2BB578A}.Debug|x64.ActiveCfg = Debug|Any CPU
		{3666E26E-6EB3-4A86-A5FD-7113E2BB578A}.Debug|x64.Build.0 = Debug|Any CPU
		{3666E26E-6EB3-4A86-A5FD-7113E2BB578A}.Debug|x64.Deploy.0 = Debug|Any CPU
		{3666E26E-6EB3-4A86-A5FD-7113E2BB578A}.Debug|x86.ActiveCfg = Debug|Any CPU
		{3666E26E-6EB3-4A86-A5FD-7113E2BB578A}.Debug|x86.Build.0 = Debug|Any CPU
		{3666E26E-6EB3-4A86-A5FD-7113E2BB578A}.Debug|x86.Deploy.0 = Debug|Any CPU
		{3666E26E-6EB3-4A86-A5FD-7113E2BB578A}.Release|Any CPU.ActiveCfg = Release|Any CPU
		{3666E26E-6EB3-4A86-A5FD-7113E2BB578A}.Release|Any CPU.Build.0 = Release|Any CPU
		{3666E26E-6EB3-4A86-A5FD-7113E2BB578A}.Release|Any CPU.Deploy.0 = Release|Any CPU
		{3666E26E-6EB3-4A86-A5FD-7113E2BB578A}.Release|ARM.ActiveCfg = Release|Any CPU
		{3666E26E-6EB3-4A86-A5FD-7113E2BB578A}.Release|ARM.Build.0 = Release|Any CPU
		{3666E26E-6EB3-4A86-A5FD-7113E2BB578A}.Release|ARM.Deploy.0 = Release|Any CPU
		{3666E26E-6EB3-4A86-A5FD-7113E2BB578A}.Release|iPhone.ActiveCfg = Release|Any CPU
		{3666E26E-6EB3-4A86-A5FD-7113E2BB578A}.Release|iPhone.Build.0 = Release|Any CPU
		{3666E26E-6EB3-4A86-A5FD-7113E2BB578A}.Release|iPhone.Deploy.0 = Release|Any CPU
		{3666E26E-6EB3-4A86-A5FD-7113E2BB578A}.Release|iPhoneSimulator.ActiveCfg = Release|Any CPU
		{3666E26E-6EB3-4A86-A5FD-7113E2BB578A}.Release|iPhoneSimulator.Build.0 = Release|Any CPU
		{3666E26E-6EB3-4A86-A5FD-7113E2BB578A}.Release|iPhoneSimulator.Deploy.0 = Release|Any CPU
		{3666E26E-6EB3-4A86-A5FD-7113E2BB578A}.Release|x64.ActiveCfg = Release|Any CPU
		{3666E26E-6EB3-4A86-A5FD-7113E2BB578A}.Release|x64.Build.0 = Release|Any CPU
		{3666E26E-6EB3-4A86-A5FD-7113E2BB578A}.Release|x64.Deploy.0 = Release|Any CPU
		{3666E26E-6EB3-4A86-A5FD-7113E2BB578A}.Release|x86.ActiveCfg = Release|Any CPU
		{3666E26E-6EB3-4A86-A5FD-7113E2BB578A}.Release|x86.Build.0 = Release|Any CPU
		{3666E26E-6EB3-4A86-A5FD-7113E2BB578A}.Release|x86.Deploy.0 = Release|Any CPU
		{B9FEB91D-77B7-44E3-8DB3-89E4B7B53343}.Debug|Any CPU.ActiveCfg = Debug|Any CPU
		{B9FEB91D-77B7-44E3-8DB3-89E4B7B53343}.Debug|Any CPU.Build.0 = Debug|Any CPU
		{B9FEB91D-77B7-44E3-8DB3-89E4B7B53343}.Debug|ARM.ActiveCfg = Debug|Any CPU
		{B9FEB91D-77B7-44E3-8DB3-89E4B7B53343}.Debug|ARM.Build.0 = Debug|Any CPU
		{B9FEB91D-77B7-44E3-8DB3-89E4B7B53343}.Debug|iPhone.ActiveCfg = Debug|Any CPU
		{B9FEB91D-77B7-44E3-8DB3-89E4B7B53343}.Debug|iPhone.Build.0 = Debug|Any CPU
		{B9FEB91D-77B7-44E3-8DB3-89E4B7B53343}.Debug|iPhoneSimulator.ActiveCfg = Debug|Any CPU
		{B9FEB91D-77B7-44E3-8DB3-89E4B7B53343}.Debug|iPhoneSimulator.Build.0 = Debug|Any CPU
		{B9FEB91D-77B7-44E3-8DB3-89E4B7B53343}.Debug|x64.ActiveCfg = Debug|Any CPU
		{B9FEB91D-77B7-44E3-8DB3-89E4B7B53343}.Debug|x64.Build.0 = Debug|Any CPU
		{B9FEB91D-77B7-44E3-8DB3-89E4B7B53343}.Debug|x86.ActiveCfg = Debug|Any CPU
		{B9FEB91D-77B7-44E3-8DB3-89E4B7B53343}.Debug|x86.Build.0 = Debug|Any CPU
		{B9FEB91D-77B7-44E3-8DB3-89E4B7B53343}.Release|Any CPU.ActiveCfg = Release|Any CPU
		{B9FEB91D-77B7-44E3-8DB3-89E4B7B53343}.Release|Any CPU.Build.0 = Release|Any CPU
		{B9FEB91D-77B7-44E3-8DB3-89E4B7B53343}.Release|ARM.ActiveCfg = Release|Any CPU
		{B9FEB91D-77B7-44E3-8DB3-89E4B7B53343}.Release|ARM.Build.0 = Release|Any CPU
		{B9FEB91D-77B7-44E3-8DB3-89E4B7B53343}.Release|iPhone.ActiveCfg = Release|Any CPU
		{B9FEB91D-77B7-44E3-8DB3-89E4B7B53343}.Release|iPhone.Build.0 = Release|Any CPU
		{B9FEB91D-77B7-44E3-8DB3-89E4B7B53343}.Release|iPhoneSimulator.ActiveCfg = Release|Any CPU
		{B9FEB91D-77B7-44E3-8DB3-89E4B7B53343}.Release|iPhoneSimulator.Build.0 = Release|Any CPU
		{B9FEB91D-77B7-44E3-8DB3-89E4B7B53343}.Release|x64.ActiveCfg = Release|Any CPU
		{B9FEB91D-77B7-44E3-8DB3-89E4B7B53343}.Release|x64.Build.0 = Release|Any CPU
		{B9FEB91D-77B7-44E3-8DB3-89E4B7B53343}.Release|x86.ActiveCfg = Release|Any CPU
		{B9FEB91D-77B7-44E3-8DB3-89E4B7B53343}.Release|x86.Build.0 = Release|Any CPU
	EndGlobalSection
	GlobalSection(SolutionProperties) = preSolution
		HideSolutionNode = FALSE
	EndGlobalSection
	GlobalSection(ExtensibilityGlobals) = postSolution
		SolutionGuid = {3795CD90-C2D6-4198-BA8A-382F4358A172}
	EndGlobalSection
EndGlobal
